// !$*UTF8*$!
{
	archiveVersion = 1;
	classes = {
	};
	objectVersion = 51;
	objects = {

/* Begin PBXBuildFile section */
		27726E338C3D3572B2D10D19 /* Pods_PushPullLegs_PushPullLegsUITests.framework in Frameworks */ = {isa = PBXBuildFile; fileRef = 266C7EE7C48E3F09D8B8D769 /* Pods_PushPullLegs_PushPullLegsUITests.framework */; };
		49028D24243D85AC005EC078 /* AppConfigurationViewController.swift in Sources */ = {isa = PBXBuildFile; fileRef = 49028D23243D85AC005EC078 /* AppConfigurationViewController.swift */; };
		49028D26243DA0A0005EC078 /* WorkoutTemplateEditViewController.swift in Sources */ = {isa = PBXBuildFile; fileRef = 49028D25243DA0A0005EC078 /* WorkoutTemplateEditViewController.swift */; };
		49028D2B243DA206005EC078 /* WorkoutTemplateEditViewModel.swift in Sources */ = {isa = PBXBuildFile; fileRef = 49028D2A243DA206005EC078 /* WorkoutTemplateEditViewModel.swift */; };
		490AEAD22423AA5D005C1112 /* WorkoutTemplateListViewController.swift in Sources */ = {isa = PBXBuildFile; fileRef = 490AEAD12423AA5D005C1112 /* WorkoutTemplateListViewController.swift */; };
		490D88DE2451DE32005FFEA3 /* Workout.storyboard in Resources */ = {isa = PBXBuildFile; fileRef = 490D88DD2451DE32005FFEA3 /* Workout.storyboard */; };
		490D88E02451EED8005FFEA3 /* QuantityCollectionViewController.xib in Resources */ = {isa = PBXBuildFile; fileRef = 490D88DF2451EED8005FFEA3 /* QuantityCollectionViewController.xib */; };
		490D88E32452832F005FFEA3 /* QuantityCollectionViewController.swift in Sources */ = {isa = PBXBuildFile; fileRef = 490D88E22452832F005FFEA3 /* QuantityCollectionViewController.swift */; };
		490D88E524528546005FFEA3 /* ExerciseSetViewModelTests.swift in Sources */ = {isa = PBXBuildFile; fileRef = 490D88E424528546005FFEA3 /* ExerciseSetViewModelTests.swift */; };
		490D88E72452856A005FFEA3 /* ExerciseSetViewModel.swift in Sources */ = {isa = PBXBuildFile; fileRef = 490D88E62452856A005FFEA3 /* ExerciseSetViewModel.swift */; };
		490D88EA2452B5FD005FFEA3 /* ExerciseTimerViewController.swift in Sources */ = {isa = PBXBuildFile; fileRef = 490D88E82452B5FD005FFEA3 /* ExerciseTimerViewController.swift */; };
		490D88EB2452B5FD005FFEA3 /* ExerciseTimerViewController.xib in Resources */ = {isa = PBXBuildFile; fileRef = 490D88E92452B5FD005FFEA3 /* ExerciseTimerViewController.xib */; };
		490D88ED2453CA2A005FFEA3 /* KeyboardObserving.swift in Sources */ = {isa = PBXBuildFile; fileRef = 490D88EC2453CA29005FFEA3 /* KeyboardObserving.swift */; };
		490D88EF2453ED7B005FFEA3 /* StringExtensions.swift in Sources */ = {isa = PBXBuildFile; fileRef = 490D88EE2453ED7B005FFEA3 /* StringExtensions.swift */; };
		4911325D246B13C100D689DD /* TypeSelectorViewController.xib in Resources */ = {isa = PBXBuildFile; fileRef = 4911325C246B13C100D689DD /* TypeSelectorViewController.xib */; };
		491DD62B248C565C0001F9F8 /* PPLStopWatch.swift in Sources */ = {isa = PBXBuildFile; fileRef = 491DD62A248C565C0001F9F8 /* PPLStopWatch.swift */; };
		4929DB112454DB0C009DCC7F /* RepsCollectionViewController.swift in Sources */ = {isa = PBXBuildFile; fileRef = 4929DB0F2454DB0C009DCC7F /* RepsCollectionViewController.swift */; };
		49359B8524C0E18C005FF7A8 /* PushPullLegs.xcdatamodeld in Sources */ = {isa = PBXBuildFile; fileRef = 49359B8324C0E18C005FF7A8 /* PushPullLegs.xcdatamodeld */; };
		4937729324001807005F566A /* DBUtilities.swift in Sources */ = {isa = PBXBuildFile; fileRef = 4937729224001807005F566A /* DBUtilities.swift */; };
		493C2C712455E5D2005308AF /* WeightCollectionViewController.swift in Sources */ = {isa = PBXBuildFile; fileRef = 493C2C702455E5D2005308AF /* WeightCollectionViewController.swift */; };
		49453378244FC8FA00FA1665 /* WorkoutLogViewController.swift in Sources */ = {isa = PBXBuildFile; fileRef = 49453377244FC8FA00FA1665 /* WorkoutLogViewController.swift */; };
		4945337A244FCC1900FA1665 /* PPLTabBarController.swift in Sources */ = {isa = PBXBuildFile; fileRef = 49453379244FCC1900FA1665 /* PPLTabBarController.swift */; };
		4945337C2450895600FA1665 /* ExerciseViewModel.swift in Sources */ = {isa = PBXBuildFile; fileRef = 4945337B2450895500FA1665 /* ExerciseViewModel.swift */; };
		49453382245090F600FA1665 /* ExerciseViewModelTests.swift in Sources */ = {isa = PBXBuildFile; fileRef = 49453381245090F600FA1665 /* ExerciseViewModelTests.swift */; };
		49568BA424422E1C00166F09 /* WorkoutTemplateListViewModelTests.swift in Sources */ = {isa = PBXBuildFile; fileRef = 49568BA324422E1C00166F09 /* WorkoutTemplateListViewModelTests.swift */; };
		4957DFB4246B549F00574C89 /* WorkoutReadViewModelTests.swift in Sources */ = {isa = PBXBuildFile; fileRef = 4957DFB3246B549F00574C89 /* WorkoutReadViewModelTests.swift */; };
		4957DFB6246B54F000574C89 /* WorkoutReadViewModel.swift in Sources */ = {isa = PBXBuildFile; fileRef = 4957DFB5246B54F000574C89 /* WorkoutReadViewModel.swift */; };
		4957DFBA246CF73A00574C89 /* WorkoutDataViewController.swift in Sources */ = {isa = PBXBuildFile; fileRef = 4957DFB9246CF73A00574C89 /* WorkoutDataViewController.swift */; };
		4957DFBC246CF94200574C89 /* WorkoutDataViewController.xib in Resources */ = {isa = PBXBuildFile; fileRef = 4957DFBB246CF94200574C89 /* WorkoutDataViewController.xib */; };
		4957DFBE246D049C00574C89 /* ExerciseDataCell.xib in Resources */ = {isa = PBXBuildFile; fileRef = 4957DFBD246D049C00574C89 /* ExerciseDataCell.xib */; };
		4957DFC0246D0BA800574C89 /* ExerciseSetDataCell.xib in Resources */ = {isa = PBXBuildFile; fileRef = 4957DFBF246D0BA800574C89 /* ExerciseSetDataCell.xib */; };
		4957DFCC2470407A00574C89 /* StoryboardIdentifiers.swift in Sources */ = {isa = PBXBuildFile; fileRef = 4957DFCB2470407A00574C89 /* StoryboardIdentifiers.swift */; };
		4957DFCE24710A0400574C89 /* UITableViewCell+ExerciseDataCell.swift in Sources */ = {isa = PBXBuildFile; fileRef = 4957DFCD24710A0400574C89 /* UITableViewCell+ExerciseDataCell.swift */; };
		4973C11A244BADFC009460F2 /* StartWorkoutViewController.swift in Sources */ = {isa = PBXBuildFile; fileRef = 4973C119244BADFC009460F2 /* StartWorkoutViewController.swift */; };
		4973C11C244BB068009460F2 /* WorkoutViewController.swift in Sources */ = {isa = PBXBuildFile; fileRef = 4973C11B244BB068009460F2 /* WorkoutViewController.swift */; };
		4973C11E244BB593009460F2 /* ExerciseViewController.swift in Sources */ = {isa = PBXBuildFile; fileRef = 4973C11D244BB592009460F2 /* ExerciseViewController.swift */; };
		4973C122244BCBB4009460F2 /* WorkoutEditViewModelTests.swift in Sources */ = {isa = PBXBuildFile; fileRef = 4973C121244BCBB4009460F2 /* WorkoutEditViewModelTests.swift */; };
		4973C124244BCC26009460F2 /* WorkoutEditViewModel.swift in Sources */ = {isa = PBXBuildFile; fileRef = 4973C123244BCC26009460F2 /* WorkoutEditViewModel.swift */; };
		4989BA5524B94344001C17B3 /* AssetIdentifiers.swift in Sources */ = {isa = PBXBuildFile; fileRef = 4989BA5424B94344001C17B3 /* AssetIdentifiers.swift */; };
		4989BA5A24BB905F001C17B3 /* PPLTableViewCell.swift in Sources */ = {isa = PBXBuildFile; fileRef = 4989BA5824BB905F001C17B3 /* PPLTableViewCell.swift */; };
		4989BA5B24BB905F001C17B3 /* PPLTableViewCell.xib in Resources */ = {isa = PBXBuildFile; fileRef = 4989BA5924BB905F001C17B3 /* PPLTableViewCell.xib */; };
		4989BA6024BB94B0001C17B3 /* ExerciseDataCellViewController.xib in Resources */ = {isa = PBXBuildFile; fileRef = 4989BA5F24BB94B0001C17B3 /* ExerciseDataCellViewController.xib */; };
		4989BA6224BB9A10001C17B3 /* ExerciseDataCellViewController.swift in Sources */ = {isa = PBXBuildFile; fileRef = 4989BA6124BB9A10001C17B3 /* ExerciseDataCellViewController.swift */; };
		4993789A243B86D400EAD55E /* WorkoutTemplateListViewModel.swift in Sources */ = {isa = PBXBuildFile; fileRef = 49937899243B86D400EAD55E /* WorkoutTemplateListViewModel.swift */; };
		4993789C243B87B500EAD55E /* TypeSelectorViewController.swift in Sources */ = {isa = PBXBuildFile; fileRef = 4993789B243B87B500EAD55E /* TypeSelectorViewController.swift */; };
		4993789E243B964200EAD55E /* ReloadProtocol.swift in Sources */ = {isa = PBXBuildFile; fileRef = 4993789D243B964200EAD55E /* ReloadProtocol.swift */; };
		4997C1DB2426C0A600712DB9 /* ExerciseTemplateCreationViewController.swift in Sources */ = {isa = PBXBuildFile; fileRef = 4997C1DA2426C0A600712DB9 /* ExerciseTemplateCreationViewController.swift */; };
		49AB1D7B24849C980003CFA1 /* AppState.swift in Sources */ = {isa = PBXBuildFile; fileRef = 49AB1D7A24849C980003CFA1 /* AppState.swift */; };
		49C8D24124A99E0000B361C7 /* PPLDefaults.swift in Sources */ = {isa = PBXBuildFile; fileRef = 49C8D24024A99E0000B361C7 /* PPLDefaults.swift */; };
		49CEF20A2447C527003E55D4 /* ExerciseTemplateCreationViewModelTests.swift in Sources */ = {isa = PBXBuildFile; fileRef = 49CEF2092447C527003E55D4 /* ExerciseTemplateCreationViewModelTests.swift */; };
		49E2501F249F1B60001F7B70 /* PPLTableViewController.swift in Sources */ = {isa = PBXBuildFile; fileRef = 49E2501E249F1B60001F7B70 /* PPLTableViewController.swift */; };
		49E30B4B243AF3E6002FABD6 /* ExerciseTemplateCreationViewModel.swift in Sources */ = {isa = PBXBuildFile; fileRef = 49E30B4A243AF3E6002FABD6 /* ExerciseTemplateCreationViewModel.swift */; };
		49E3832B23FA09BF00F7A502 /* TemplateManagement.swift in Sources */ = {isa = PBXBuildFile; fileRef = 49E3832A23FA09BF00F7A502 /* TemplateManagement.swift */; };
		49E3832D23FA0A0000F7A502 /* TemplateManagementTests.swift in Sources */ = {isa = PBXBuildFile; fileRef = 49E3832C23FA0A0000F7A502 /* TemplateManagementTests.swift */; };
		49E675FA244CDA54001F5974 /* ExerciseTemplateSelectionViewController.swift in Sources */ = {isa = PBXBuildFile; fileRef = 49E675F9244CDA54001F5974 /* ExerciseTemplateSelectionViewController.swift */; };
		49E675FC244CDA83001F5974 /* ExerciseSelectionViewModelTests.swift in Sources */ = {isa = PBXBuildFile; fileRef = 49E675FB244CDA83001F5974 /* ExerciseSelectionViewModelTests.swift */; };
		49E675FE244CDAB6001F5974 /* ExerciseSelectionViewModel.swift in Sources */ = {isa = PBXBuildFile; fileRef = 49E675FD244CDAB6001F5974 /* ExerciseSelectionViewModel.swift */; };
		49E67600244CECC8001F5974 /* DBHelper.swift in Sources */ = {isa = PBXBuildFile; fileRef = 49E675FF244CECC8001F5974 /* DBHelper.swift */; };
		49EF4B7923F8381F0071687D /* AppDelegate.swift in Sources */ = {isa = PBXBuildFile; fileRef = 49EF4B7823F8381F0071687D /* AppDelegate.swift */; };
		49EF4B7B23F8381F0071687D /* SceneDelegate.swift in Sources */ = {isa = PBXBuildFile; fileRef = 49EF4B7A23F8381F0071687D /* SceneDelegate.swift */; };
		49EF4B8023F8381F0071687D /* AppConfiguration.storyboard in Resources */ = {isa = PBXBuildFile; fileRef = 49EF4B7E23F8381F0071687D /* AppConfiguration.storyboard */; };
		49EF4B8523F838370071687D /* Assets.xcassets in Resources */ = {isa = PBXBuildFile; fileRef = 49EF4B8423F838370071687D /* Assets.xcassets */; };
		49EF4B8823F838370071687D /* LaunchScreen.storyboard in Resources */ = {isa = PBXBuildFile; fileRef = 49EF4B8623F838370071687D /* LaunchScreen.storyboard */; };
		49EF4B9E23F838380071687D /* PushPullLegsUITests.swift in Sources */ = {isa = PBXBuildFile; fileRef = 49EF4B9D23F838380071687D /* PushPullLegsUITests.swift */; };
		49EF4BAE23F838F60071687D /* CoreDataManager.swift in Sources */ = {isa = PBXBuildFile; fileRef = 49EF4BAB23F838F60071687D /* CoreDataManager.swift */; };
		49EF4BAF23F838F60071687D /* DataManager.swift in Sources */ = {isa = PBXBuildFile; fileRef = 49EF4BAC23F838F60071687D /* DataManager.swift */; };
		49EF4BB023F838F60071687D /* ExerciseDataManager.swift in Sources */ = {isa = PBXBuildFile; fileRef = 49EF4BAD23F838F60071687D /* ExerciseDataManager.swift */; };
		49EF4BB223F838FE0071687D /* WorkoutDataManager.swift in Sources */ = {isa = PBXBuildFile; fileRef = 49EF4BB123F838FE0071687D /* WorkoutDataManager.swift */; };
		49EF4BB423F8390A0071687D /* Date+Helpers.swift in Sources */ = {isa = PBXBuildFile; fileRef = 49EF4BB323F8390A0071687D /* Date+Helpers.swift */; };
		49EF4BB923F8392B0071687D /* ExerciseDataManagerTests.swift in Sources */ = {isa = PBXBuildFile; fileRef = 49EF4BB723F8392A0071687D /* ExerciseDataManagerTests.swift */; };
		49EF4BBA23F8392B0071687D /* CoreDataManagerTests.swift in Sources */ = {isa = PBXBuildFile; fileRef = 49EF4BB823F8392B0071687D /* CoreDataManagerTests.swift */; };
		49EF4BBC23F839360071687D /* WorkoutDataManagerTests.swift in Sources */ = {isa = PBXBuildFile; fileRef = 49EF4BBB23F839360071687D /* WorkoutDataManagerTests.swift */; };
		49EF4BC023F8393D0071687D /* NSManagedObjectContextSpy.swift in Sources */ = {isa = PBXBuildFile; fileRef = 49EF4BBE23F8393D0071687D /* NSManagedObjectContextSpy.swift */; };
		49EF4BC123F8393D0071687D /* CoreDataTestStack.swift in Sources */ = {isa = PBXBuildFile; fileRef = 49EF4BBF23F8393D0071687D /* CoreDataTestStack.swift */; };
		49F8EF2724440EBD00B6BD45 /* WorkoutTemplateEditViewModelTests.swift in Sources */ = {isa = PBXBuildFile; fileRef = 49F8EF2624440EBD00B6BD45 /* WorkoutTemplateEditViewModelTests.swift */; };
		49F8EF292447754900B6BD45 /* ExerciseTemplateListViewController.swift in Sources */ = {isa = PBXBuildFile; fileRef = 49F8EF282447754700B6BD45 /* ExerciseTemplateListViewController.swift */; };
		49F8EF2E2447765B00B6BD45 /* ExerciseTemplateListViewModelTests.swift in Sources */ = {isa = PBXBuildFile; fileRef = 49F8EF2D2447765B00B6BD45 /* ExerciseTemplateListViewModelTests.swift */; };
		49F8EF30244776DA00B6BD45 /* ExerciseTemplateListViewModel.swift in Sources */ = {isa = PBXBuildFile; fileRef = 49F8EF2F244776DA00B6BD45 /* ExerciseTemplateListViewModel.swift */; };
		6344E6784DEC24F8D43486C0 /* Pods_PushPullLegs.framework in Frameworks */ = {isa = PBXBuildFile; fileRef = B3861DCF756C6822B283C0AD /* Pods_PushPullLegs.framework */; };
		D9E3EEAC50D1DA04B158C942 /* Pods_PushPullLegsTests.framework in Frameworks */ = {isa = PBXBuildFile; fileRef = BF971240BA72F40F9944AA59 /* Pods_PushPullLegsTests.framework */; };
/* End PBXBuildFile section */

/* Begin PBXContainerItemProxy section */
		49EF4B8F23F838380071687D /* PBXContainerItemProxy */ = {
			isa = PBXContainerItemProxy;
			containerPortal = 49EF4B6D23F8381F0071687D /* Project object */;
			proxyType = 1;
			remoteGlobalIDString = 49EF4B7423F8381F0071687D;
			remoteInfo = PushPullLegs;
		};
		49EF4B9A23F838380071687D /* PBXContainerItemProxy */ = {
			isa = PBXContainerItemProxy;
			containerPortal = 49EF4B6D23F8381F0071687D /* Project object */;
			proxyType = 1;
			remoteGlobalIDString = 49EF4B7423F8381F0071687D;
			remoteInfo = PushPullLegs;
		};
/* End PBXContainerItemProxy section */

/* Begin PBXFileReference section */
		266C7EE7C48E3F09D8B8D769 /* Pods_PushPullLegs_PushPullLegsUITests.framework */ = {isa = PBXFileReference; explicitFileType = wrapper.framework; includeInIndex = 0; path = Pods_PushPullLegs_PushPullLegsUITests.framework; sourceTree = BUILT_PRODUCTS_DIR; };
		27BD1CA96B3BE0BFCC770B35 /* Pods-PushPullLegsTests.debug.xcconfig */ = {isa = PBXFileReference; includeInIndex = 1; lastKnownFileType = text.xcconfig; name = "Pods-PushPullLegsTests.debug.xcconfig"; path = "Target Support Files/Pods-PushPullLegsTests/Pods-PushPullLegsTests.debug.xcconfig"; sourceTree = "<group>"; };
		49028D23243D85AC005EC078 /* AppConfigurationViewController.swift */ = {isa = PBXFileReference; lastKnownFileType = sourcecode.swift; path = AppConfigurationViewController.swift; sourceTree = "<group>"; };
		49028D25243DA0A0005EC078 /* WorkoutTemplateEditViewController.swift */ = {isa = PBXFileReference; lastKnownFileType = sourcecode.swift; path = WorkoutTemplateEditViewController.swift; sourceTree = "<group>"; };
		49028D2A243DA206005EC078 /* WorkoutTemplateEditViewModel.swift */ = {isa = PBXFileReference; lastKnownFileType = sourcecode.swift; path = WorkoutTemplateEditViewModel.swift; sourceTree = "<group>"; };
		490AEAD12423AA5D005C1112 /* WorkoutTemplateListViewController.swift */ = {isa = PBXFileReference; lastKnownFileType = sourcecode.swift; path = WorkoutTemplateListViewController.swift; sourceTree = "<group>"; };
		490D88DD2451DE32005FFEA3 /* Workout.storyboard */ = {isa = PBXFileReference; lastKnownFileType = file.storyboard; path = Workout.storyboard; sourceTree = "<group>"; };
		490D88DF2451EED8005FFEA3 /* QuantityCollectionViewController.xib */ = {isa = PBXFileReference; lastKnownFileType = file.xib; name = QuantityCollectionViewController.xib; path = "../New Group/QuantityCollectionViewController.xib"; sourceTree = "<group>"; };
		490D88E22452832F005FFEA3 /* QuantityCollectionViewController.swift */ = {isa = PBXFileReference; lastKnownFileType = sourcecode.swift; path = QuantityCollectionViewController.swift; sourceTree = "<group>"; };
		490D88E424528546005FFEA3 /* ExerciseSetViewModelTests.swift */ = {isa = PBXFileReference; lastKnownFileType = sourcecode.swift; path = ExerciseSetViewModelTests.swift; sourceTree = "<group>"; };
		490D88E62452856A005FFEA3 /* ExerciseSetViewModel.swift */ = {isa = PBXFileReference; lastKnownFileType = sourcecode.swift; path = ExerciseSetViewModel.swift; sourceTree = "<group>"; };
		490D88E82452B5FD005FFEA3 /* ExerciseTimerViewController.swift */ = {isa = PBXFileReference; lastKnownFileType = sourcecode.swift; path = ExerciseTimerViewController.swift; sourceTree = "<group>"; };
		490D88E92452B5FD005FFEA3 /* ExerciseTimerViewController.xib */ = {isa = PBXFileReference; lastKnownFileType = file.xib; path = ExerciseTimerViewController.xib; sourceTree = "<group>"; };
		490D88EC2453CA29005FFEA3 /* KeyboardObserving.swift */ = {isa = PBXFileReference; lastKnownFileType = sourcecode.swift; path = KeyboardObserving.swift; sourceTree = "<group>"; };
		490D88EE2453ED7B005FFEA3 /* StringExtensions.swift */ = {isa = PBXFileReference; lastKnownFileType = sourcecode.swift; path = StringExtensions.swift; sourceTree = "<group>"; };
		4911325C246B13C100D689DD /* TypeSelectorViewController.xib */ = {isa = PBXFileReference; lastKnownFileType = file.xib; path = TypeSelectorViewController.xib; sourceTree = "<group>"; };
		491DD62A248C565C0001F9F8 /* PPLStopWatch.swift */ = {isa = PBXFileReference; lastKnownFileType = sourcecode.swift; path = PPLStopWatch.swift; sourceTree = "<group>"; };
		4929DB0F2454DB0C009DCC7F /* RepsCollectionViewController.swift */ = {isa = PBXFileReference; lastKnownFileType = sourcecode.swift; path = RepsCollectionViewController.swift; sourceTree = "<group>"; };
		49359B8424C0E18C005FF7A8 /* PushPullLegs.xcdatamodel */ = {isa = PBXFileReference; lastKnownFileType = wrapper.xcdatamodel; path = PushPullLegs.xcdatamodel; sourceTree = "<group>"; };
		4937729224001807005F566A /* DBUtilities.swift */ = {isa = PBXFileReference; lastKnownFileType = sourcecode.swift; path = DBUtilities.swift; sourceTree = "<group>"; };
		493C2C702455E5D2005308AF /* WeightCollectionViewController.swift */ = {isa = PBXFileReference; lastKnownFileType = sourcecode.swift; path = WeightCollectionViewController.swift; sourceTree = "<group>"; };
		49453377244FC8FA00FA1665 /* WorkoutLogViewController.swift */ = {isa = PBXFileReference; lastKnownFileType = sourcecode.swift; path = WorkoutLogViewController.swift; sourceTree = "<group>"; };
		49453379244FCC1900FA1665 /* PPLTabBarController.swift */ = {isa = PBXFileReference; lastKnownFileType = sourcecode.swift; path = PPLTabBarController.swift; sourceTree = "<group>"; };
		4945337B2450895500FA1665 /* ExerciseViewModel.swift */ = {isa = PBXFileReference; lastKnownFileType = sourcecode.swift; path = ExerciseViewModel.swift; sourceTree = "<group>"; };
		49453381245090F600FA1665 /* ExerciseViewModelTests.swift */ = {isa = PBXFileReference; lastKnownFileType = sourcecode.swift; path = ExerciseViewModelTests.swift; sourceTree = "<group>"; };
		49568BA324422E1C00166F09 /* WorkoutTemplateListViewModelTests.swift */ = {isa = PBXFileReference; lastKnownFileType = sourcecode.swift; path = WorkoutTemplateListViewModelTests.swift; sourceTree = "<group>"; };
		4957DFB3246B549F00574C89 /* WorkoutReadViewModelTests.swift */ = {isa = PBXFileReference; lastKnownFileType = sourcecode.swift; path = WorkoutReadViewModelTests.swift; sourceTree = "<group>"; };
		4957DFB5246B54F000574C89 /* WorkoutReadViewModel.swift */ = {isa = PBXFileReference; lastKnownFileType = sourcecode.swift; path = WorkoutReadViewModel.swift; sourceTree = "<group>"; };
		4957DFB9246CF73A00574C89 /* WorkoutDataViewController.swift */ = {isa = PBXFileReference; lastKnownFileType = sourcecode.swift; path = WorkoutDataViewController.swift; sourceTree = "<group>"; };
		4957DFBB246CF94200574C89 /* WorkoutDataViewController.xib */ = {isa = PBXFileReference; lastKnownFileType = file.xib; path = WorkoutDataViewController.xib; sourceTree = "<group>"; };
		4957DFBD246D049C00574C89 /* ExerciseDataCell.xib */ = {isa = PBXFileReference; lastKnownFileType = file.xib; path = ExerciseDataCell.xib; sourceTree = "<group>"; };
		4957DFBF246D0BA800574C89 /* ExerciseSetDataCell.xib */ = {isa = PBXFileReference; lastKnownFileType = file.xib; path = ExerciseSetDataCell.xib; sourceTree = "<group>"; };
		4957DFCB2470407A00574C89 /* StoryboardIdentifiers.swift */ = {isa = PBXFileReference; lastKnownFileType = sourcecode.swift; path = StoryboardIdentifiers.swift; sourceTree = "<group>"; };
		4957DFCD24710A0400574C89 /* UITableViewCell+ExerciseDataCell.swift */ = {isa = PBXFileReference; lastKnownFileType = sourcecode.swift; path = "UITableViewCell+ExerciseDataCell.swift"; sourceTree = "<group>"; };
		4973C119244BADFC009460F2 /* StartWorkoutViewController.swift */ = {isa = PBXFileReference; lastKnownFileType = sourcecode.swift; path = StartWorkoutViewController.swift; sourceTree = "<group>"; };
		4973C11B244BB068009460F2 /* WorkoutViewController.swift */ = {isa = PBXFileReference; lastKnownFileType = sourcecode.swift; path = WorkoutViewController.swift; sourceTree = "<group>"; };
		4973C11D244BB592009460F2 /* ExerciseViewController.swift */ = {isa = PBXFileReference; lastKnownFileType = sourcecode.swift; path = ExerciseViewController.swift; sourceTree = "<group>"; };
		4973C121244BCBB4009460F2 /* WorkoutEditViewModelTests.swift */ = {isa = PBXFileReference; lastKnownFileType = sourcecode.swift; path = WorkoutEditViewModelTests.swift; sourceTree = "<group>"; };
		4973C123244BCC26009460F2 /* WorkoutEditViewModel.swift */ = {isa = PBXFileReference; lastKnownFileType = sourcecode.swift; path = WorkoutEditViewModel.swift; sourceTree = "<group>"; };
		4989BA5424B94344001C17B3 /* AssetIdentifiers.swift */ = {isa = PBXFileReference; lastKnownFileType = sourcecode.swift; path = AssetIdentifiers.swift; sourceTree = "<group>"; };
		4989BA5824BB905F001C17B3 /* PPLTableViewCell.swift */ = {isa = PBXFileReference; lastKnownFileType = sourcecode.swift; path = PPLTableViewCell.swift; sourceTree = "<group>"; };
		4989BA5924BB905F001C17B3 /* PPLTableViewCell.xib */ = {isa = PBXFileReference; lastKnownFileType = file.xib; path = PPLTableViewCell.xib; sourceTree = "<group>"; };
		4989BA5F24BB94B0001C17B3 /* ExerciseDataCellViewController.xib */ = {isa = PBXFileReference; lastKnownFileType = file.xib; path = ExerciseDataCellViewController.xib; sourceTree = "<group>"; };
		4989BA6124BB9A10001C17B3 /* ExerciseDataCellViewController.swift */ = {isa = PBXFileReference; lastKnownFileType = sourcecode.swift; path = ExerciseDataCellViewController.swift; sourceTree = "<group>"; };
		49937899243B86D400EAD55E /* WorkoutTemplateListViewModel.swift */ = {isa = PBXFileReference; lastKnownFileType = sourcecode.swift; path = WorkoutTemplateListViewModel.swift; sourceTree = "<group>"; };
		4993789B243B87B500EAD55E /* TypeSelectorViewController.swift */ = {isa = PBXFileReference; lastKnownFileType = sourcecode.swift; path = TypeSelectorViewController.swift; sourceTree = "<group>"; };
		4993789D243B964200EAD55E /* ReloadProtocol.swift */ = {isa = PBXFileReference; lastKnownFileType = sourcecode.swift; path = ReloadProtocol.swift; sourceTree = "<group>"; };
		4997C1DA2426C0A600712DB9 /* ExerciseTemplateCreationViewController.swift */ = {isa = PBXFileReference; lastKnownFileType = sourcecode.swift; path = ExerciseTemplateCreationViewController.swift; sourceTree = "<group>"; };
		49AB1D7A24849C980003CFA1 /* AppState.swift */ = {isa = PBXFileReference; lastKnownFileType = sourcecode.swift; path = AppState.swift; sourceTree = "<group>"; };
		49C8D24024A99E0000B361C7 /* PPLDefaults.swift */ = {isa = PBXFileReference; lastKnownFileType = sourcecode.swift; path = PPLDefaults.swift; sourceTree = "<group>"; };
		49CEF2092447C527003E55D4 /* ExerciseTemplateCreationViewModelTests.swift */ = {isa = PBXFileReference; lastKnownFileType = sourcecode.swift; path = ExerciseTemplateCreationViewModelTests.swift; sourceTree = "<group>"; };
		49E2501E249F1B60001F7B70 /* PPLTableViewController.swift */ = {isa = PBXFileReference; lastKnownFileType = sourcecode.swift; path = PPLTableViewController.swift; sourceTree = "<group>"; };
		49E30B4A243AF3E6002FABD6 /* ExerciseTemplateCreationViewModel.swift */ = {isa = PBXFileReference; lastKnownFileType = sourcecode.swift; path = ExerciseTemplateCreationViewModel.swift; sourceTree = "<group>"; };
		49E3832A23FA09BF00F7A502 /* TemplateManagement.swift */ = {isa = PBXFileReference; lastKnownFileType = sourcecode.swift; path = TemplateManagement.swift; sourceTree = "<group>"; };
		49E3832C23FA0A0000F7A502 /* TemplateManagementTests.swift */ = {isa = PBXFileReference; lastKnownFileType = sourcecode.swift; path = TemplateManagementTests.swift; sourceTree = "<group>"; };
		49E675F9244CDA54001F5974 /* ExerciseTemplateSelectionViewController.swift */ = {isa = PBXFileReference; lastKnownFileType = sourcecode.swift; path = ExerciseTemplateSelectionViewController.swift; sourceTree = "<group>"; };
		49E675FB244CDA83001F5974 /* ExerciseSelectionViewModelTests.swift */ = {isa = PBXFileReference; lastKnownFileType = sourcecode.swift; path = ExerciseSelectionViewModelTests.swift; sourceTree = "<group>"; };
		49E675FD244CDAB6001F5974 /* ExerciseSelectionViewModel.swift */ = {isa = PBXFileReference; lastKnownFileType = sourcecode.swift; path = ExerciseSelectionViewModel.swift; sourceTree = "<group>"; };
		49E675FF244CECC8001F5974 /* DBHelper.swift */ = {isa = PBXFileReference; lastKnownFileType = sourcecode.swift; path = DBHelper.swift; sourceTree = "<group>"; };
		49EF4B7523F8381F0071687D /* PushPullLegs.app */ = {isa = PBXFileReference; explicitFileType = wrapper.application; includeInIndex = 0; path = PushPullLegs.app; sourceTree = BUILT_PRODUCTS_DIR; };
		49EF4B7823F8381F0071687D /* AppDelegate.swift */ = {isa = PBXFileReference; lastKnownFileType = sourcecode.swift; path = AppDelegate.swift; sourceTree = "<group>"; };
		49EF4B7A23F8381F0071687D /* SceneDelegate.swift */ = {isa = PBXFileReference; lastKnownFileType = sourcecode.swift; path = SceneDelegate.swift; sourceTree = "<group>"; };
		49EF4B7F23F8381F0071687D /* Base */ = {isa = PBXFileReference; lastKnownFileType = file.storyboard; name = Base; path = Base.lproj/AppConfiguration.storyboard; sourceTree = "<group>"; };
		49EF4B8423F838370071687D /* Assets.xcassets */ = {isa = PBXFileReference; lastKnownFileType = folder.assetcatalog; path = Assets.xcassets; sourceTree = "<group>"; };
		49EF4B8723F838370071687D /* Base */ = {isa = PBXFileReference; lastKnownFileType = file.storyboard; name = Base; path = Base.lproj/LaunchScreen.storyboard; sourceTree = "<group>"; };
		49EF4B8923F838370071687D /* Info.plist */ = {isa = PBXFileReference; lastKnownFileType = text.plist.xml; path = Info.plist; sourceTree = "<group>"; };
		49EF4B8E23F838380071687D /* PushPullLegsTests.xctest */ = {isa = PBXFileReference; explicitFileType = wrapper.cfbundle; includeInIndex = 0; path = PushPullLegsTests.xctest; sourceTree = BUILT_PRODUCTS_DIR; };
		49EF4B9423F838380071687D /* Info.plist */ = {isa = PBXFileReference; lastKnownFileType = text.plist.xml; path = Info.plist; sourceTree = "<group>"; };
		49EF4B9923F838380071687D /* PushPullLegsUITests.xctest */ = {isa = PBXFileReference; explicitFileType = wrapper.cfbundle; includeInIndex = 0; path = PushPullLegsUITests.xctest; sourceTree = BUILT_PRODUCTS_DIR; };
		49EF4B9D23F838380071687D /* PushPullLegsUITests.swift */ = {isa = PBXFileReference; lastKnownFileType = sourcecode.swift; path = PushPullLegsUITests.swift; sourceTree = "<group>"; };
		49EF4B9F23F838380071687D /* Info.plist */ = {isa = PBXFileReference; lastKnownFileType = text.plist.xml; path = Info.plist; sourceTree = "<group>"; };
		49EF4BAB23F838F60071687D /* CoreDataManager.swift */ = {isa = PBXFileReference; fileEncoding = 4; lastKnownFileType = sourcecode.swift; path = CoreDataManager.swift; sourceTree = "<group>"; };
		49EF4BAC23F838F60071687D /* DataManager.swift */ = {isa = PBXFileReference; fileEncoding = 4; lastKnownFileType = sourcecode.swift; path = DataManager.swift; sourceTree = "<group>"; };
		49EF4BAD23F838F60071687D /* ExerciseDataManager.swift */ = {isa = PBXFileReference; fileEncoding = 4; lastKnownFileType = sourcecode.swift; path = ExerciseDataManager.swift; sourceTree = "<group>"; };
		49EF4BB123F838FE0071687D /* WorkoutDataManager.swift */ = {isa = PBXFileReference; fileEncoding = 4; lastKnownFileType = sourcecode.swift; path = WorkoutDataManager.swift; sourceTree = "<group>"; };
		49EF4BB323F8390A0071687D /* Date+Helpers.swift */ = {isa = PBXFileReference; fileEncoding = 4; lastKnownFileType = sourcecode.swift; path = "Date+Helpers.swift"; sourceTree = "<group>"; };
		49EF4BB723F8392A0071687D /* ExerciseDataManagerTests.swift */ = {isa = PBXFileReference; fileEncoding = 4; lastKnownFileType = sourcecode.swift; path = ExerciseDataManagerTests.swift; sourceTree = "<group>"; };
		49EF4BB823F8392B0071687D /* CoreDataManagerTests.swift */ = {isa = PBXFileReference; fileEncoding = 4; lastKnownFileType = sourcecode.swift; path = CoreDataManagerTests.swift; sourceTree = "<group>"; };
		49EF4BBB23F839360071687D /* WorkoutDataManagerTests.swift */ = {isa = PBXFileReference; fileEncoding = 4; lastKnownFileType = sourcecode.swift; path = WorkoutDataManagerTests.swift; sourceTree = "<group>"; };
		49EF4BBE23F8393D0071687D /* NSManagedObjectContextSpy.swift */ = {isa = PBXFileReference; fileEncoding = 4; lastKnownFileType = sourcecode.swift; path = NSManagedObjectContextSpy.swift; sourceTree = "<group>"; };
		49EF4BBF23F8393D0071687D /* CoreDataTestStack.swift */ = {isa = PBXFileReference; fileEncoding = 4; lastKnownFileType = sourcecode.swift; path = CoreDataTestStack.swift; sourceTree = "<group>"; };
		49F8EF2624440EBD00B6BD45 /* WorkoutTemplateEditViewModelTests.swift */ = {isa = PBXFileReference; lastKnownFileType = sourcecode.swift; path = WorkoutTemplateEditViewModelTests.swift; sourceTree = "<group>"; };
		49F8EF282447754700B6BD45 /* ExerciseTemplateListViewController.swift */ = {isa = PBXFileReference; lastKnownFileType = sourcecode.swift; path = ExerciseTemplateListViewController.swift; sourceTree = "<group>"; };
		49F8EF2D2447765B00B6BD45 /* ExerciseTemplateListViewModelTests.swift */ = {isa = PBXFileReference; lastKnownFileType = sourcecode.swift; path = ExerciseTemplateListViewModelTests.swift; sourceTree = "<group>"; };
		49F8EF2F244776DA00B6BD45 /* ExerciseTemplateListViewModel.swift */ = {isa = PBXFileReference; lastKnownFileType = sourcecode.swift; path = ExerciseTemplateListViewModel.swift; sourceTree = "<group>"; };
		7F3F290DF0486DAAA1185EAD /* Pods-PushPullLegs.release.xcconfig */ = {isa = PBXFileReference; includeInIndex = 1; lastKnownFileType = text.xcconfig; name = "Pods-PushPullLegs.release.xcconfig"; path = "Target Support Files/Pods-PushPullLegs/Pods-PushPullLegs.release.xcconfig"; sourceTree = "<group>"; };
		8E2FF6CDBFF2263E3318756D /* Pods-PushPullLegs-PushPullLegsUITests.release.xcconfig */ = {isa = PBXFileReference; includeInIndex = 1; lastKnownFileType = text.xcconfig; name = "Pods-PushPullLegs-PushPullLegsUITests.release.xcconfig"; path = "Target Support Files/Pods-PushPullLegs-PushPullLegsUITests/Pods-PushPullLegs-PushPullLegsUITests.release.xcconfig"; sourceTree = "<group>"; };
		8FD10F045597D8F71850FC44 /* Pods-PushPullLegs-PushPullLegsUITests.debug.xcconfig */ = {isa = PBXFileReference; includeInIndex = 1; lastKnownFileType = text.xcconfig; name = "Pods-PushPullLegs-PushPullLegsUITests.debug.xcconfig"; path = "Target Support Files/Pods-PushPullLegs-PushPullLegsUITests/Pods-PushPullLegs-PushPullLegsUITests.debug.xcconfig"; sourceTree = "<group>"; };
		9B6FAD279D331E12AB08D13E /* Pods-PushPullLegs.debug.xcconfig */ = {isa = PBXFileReference; includeInIndex = 1; lastKnownFileType = text.xcconfig; name = "Pods-PushPullLegs.debug.xcconfig"; path = "Target Support Files/Pods-PushPullLegs/Pods-PushPullLegs.debug.xcconfig"; sourceTree = "<group>"; };
		B3861DCF756C6822B283C0AD /* Pods_PushPullLegs.framework */ = {isa = PBXFileReference; explicitFileType = wrapper.framework; includeInIndex = 0; path = Pods_PushPullLegs.framework; sourceTree = BUILT_PRODUCTS_DIR; };
		BF971240BA72F40F9944AA59 /* Pods_PushPullLegsTests.framework */ = {isa = PBXFileReference; explicitFileType = wrapper.framework; includeInIndex = 0; path = Pods_PushPullLegsTests.framework; sourceTree = BUILT_PRODUCTS_DIR; };
		C6B242260C7DC2271BABD79F /* Pods-PushPullLegsTests.release.xcconfig */ = {isa = PBXFileReference; includeInIndex = 1; lastKnownFileType = text.xcconfig; name = "Pods-PushPullLegsTests.release.xcconfig"; path = "Target Support Files/Pods-PushPullLegsTests/Pods-PushPullLegsTests.release.xcconfig"; sourceTree = "<group>"; };
/* End PBXFileReference section */

/* Begin PBXFrameworksBuildPhase section */
		49EF4B7223F8381F0071687D /* Frameworks */ = {
			isa = PBXFrameworksBuildPhase;
			buildActionMask = 2147483647;
			files = (
				6344E6784DEC24F8D43486C0 /* Pods_PushPullLegs.framework in Frameworks */,
			);
			runOnlyForDeploymentPostprocessing = 0;
		};
		49EF4B8B23F838380071687D /* Frameworks */ = {
			isa = PBXFrameworksBuildPhase;
			buildActionMask = 2147483647;
			files = (
				D9E3EEAC50D1DA04B158C942 /* Pods_PushPullLegsTests.framework in Frameworks */,
			);
			runOnlyForDeploymentPostprocessing = 0;
		};
		49EF4B9623F838380071687D /* Frameworks */ = {
			isa = PBXFrameworksBuildPhase;
			buildActionMask = 2147483647;
			files = (
				27726E338C3D3572B2D10D19 /* Pods_PushPullLegs_PushPullLegsUITests.framework in Frameworks */,
			);
			runOnlyForDeploymentPostprocessing = 0;
		};
/* End PBXFrameworksBuildPhase section */

/* Begin PBXGroup section */
		49028D22243D8587005EC078 /* App Configuration */ = {
			isa = PBXGroup;
			children = (
				49E30B49243AF3AF002FABD6 /* Exercise */,
				49E30B48243AF3AA002FABD6 /* Workout */,
				49028D23243D85AC005EC078 /* AppConfigurationViewController.swift */,
			);
			path = "App Configuration";
			sourceTree = "<group>";
		};
		49028D27243DA1C1005EC078 /* List View */ = {
			isa = PBXGroup;
			children = (
				490AEAD12423AA5D005C1112 /* WorkoutTemplateListViewController.swift */,
				49937899243B86D400EAD55E /* WorkoutTemplateListViewModel.swift */,
			);
			path = "List View";
			sourceTree = "<group>";
		};
		49028D29243DA1E7005EC078 /* Edit */ = {
			isa = PBXGroup;
			children = (
				49028D25243DA0A0005EC078 /* WorkoutTemplateEditViewController.swift */,
				49028D2A243DA206005EC078 /* WorkoutTemplateEditViewModel.swift */,
			);
			path = Edit;
			sourceTree = "<group>";
		};
		490D88E1245282E5005FFEA3 /* Set Performance */ = {
			isa = PBXGroup;
			children = (
				490D88E62452856A005FFEA3 /* ExerciseSetViewModel.swift */,
				490D88E22452832F005FFEA3 /* QuantityCollectionViewController.swift */,
				490D88DF2451EED8005FFEA3 /* QuantityCollectionViewController.xib */,
				490D88E82452B5FD005FFEA3 /* ExerciseTimerViewController.swift */,
				490D88E92452B5FD005FFEA3 /* ExerciseTimerViewController.xib */,
				4929DB0F2454DB0C009DCC7F /* RepsCollectionViewController.swift */,
				493C2C702455E5D2005308AF /* WeightCollectionViewController.swift */,
			);
			path = "Set Performance";
			sourceTree = "<group>";
		};
		49453376244FC8BB00FA1665 /* Data Presentation */ = {
			isa = PBXGroup;
			children = (
				49453377244FC8FA00FA1665 /* WorkoutLogViewController.swift */,
				4957DFB5246B54F000574C89 /* WorkoutReadViewModel.swift */,
				4957DFB9246CF73A00574C89 /* WorkoutDataViewController.swift */,
				4957DFBB246CF94200574C89 /* WorkoutDataViewController.xib */,
				4957DFBD246D049C00574C89 /* ExerciseDataCell.xib */,
				4957DFBF246D0BA800574C89 /* ExerciseSetDataCell.xib */,
				4957DFCD24710A0400574C89 /* UITableViewCell+ExerciseDataCell.swift */,
				4989BA5F24BB94B0001C17B3 /* ExerciseDataCellViewController.xib */,
				4989BA6124BB9A10001C17B3 /* ExerciseDataCellViewController.swift */,
			);
			path = "Data Presentation";
			sourceTree = "<group>";
		};
		4945337D2450904300FA1665 /* Exercise */ = {
			isa = PBXGroup;
			children = (
				490D88E1245282E5005FFEA3 /* Set Performance */,
				4945337B2450895500FA1665 /* ExerciseViewModel.swift */,
				49E675F9244CDA54001F5974 /* ExerciseTemplateSelectionViewController.swift */,
				49E675FD244CDAB6001F5974 /* ExerciseSelectionViewModel.swift */,
				4973C11D244BB592009460F2 /* ExerciseViewController.swift */,
			);
			path = Exercise;
			sourceTree = "<group>";
		};
		4945337E2450906400FA1665 /* Workout */ = {
			isa = PBXGroup;
			children = (
				4993789B243B87B500EAD55E /* TypeSelectorViewController.swift */,
				4973C119244BADFC009460F2 /* StartWorkoutViewController.swift */,
				4973C11B244BB068009460F2 /* WorkoutViewController.swift */,
				4973C123244BCC26009460F2 /* WorkoutEditViewModel.swift */,
				4911325C246B13C100D689DD /* TypeSelectorViewController.xib */,
			);
			path = Workout;
			sourceTree = "<group>";
		};
		4945337F2450909D00FA1665 /* Workout */ = {
			isa = PBXGroup;
			children = (
				4973C121244BCBB4009460F2 /* WorkoutEditViewModelTests.swift */,
			);
			path = Workout;
			sourceTree = "<group>";
		};
		49453380245090AA00FA1665 /* Exercise */ = {
			isa = PBXGroup;
			children = (
				49E675FB244CDA83001F5974 /* ExerciseSelectionViewModelTests.swift */,
				49453381245090F600FA1665 /* ExerciseViewModelTests.swift */,
				490D88E424528546005FFEA3 /* ExerciseSetViewModelTests.swift */,
			);
			path = Exercise;
			sourceTree = "<group>";
		};
		49568BA224422C8100166F09 /* Data Management Tests */ = {
			isa = PBXGroup;
			children = (
				49EF4BB823F8392B0071687D /* CoreDataManagerTests.swift */,
				49E3832C23FA0A0000F7A502 /* TemplateManagementTests.swift */,
				49EF4BB723F8392A0071687D /* ExerciseDataManagerTests.swift */,
				49EF4BBB23F839360071687D /* WorkoutDataManagerTests.swift */,
			);
			path = "Data Management Tests";
			sourceTree = "<group>";
		};
		49568BA524422E2E00166F09 /* ViewModel Tests */ = {
			isa = PBXGroup;
			children = (
				4957DFB2246B547500574C89 /* Data Presentation */,
				4973C120244BCB95009460F2 /* Working Out */,
				4973C11F244BCB83009460F2 /* App Configuration */,
			);
			path = "ViewModel Tests";
			sourceTree = "<group>";
		};
		4957DFB2246B547500574C89 /* Data Presentation */ = {
			isa = PBXGroup;
			children = (
				4957DFB3246B549F00574C89 /* WorkoutReadViewModelTests.swift */,
			);
			path = "Data Presentation";
			sourceTree = "<group>";
		};
		496A84472400EE790082D677 /* Resources */ = {
			isa = PBXGroup;
			children = (
				49EF4B8923F838370071687D /* Info.plist */,
				49EF4B8423F838370071687D /* Assets.xcassets */,
				4989BA5424B94344001C17B3 /* AssetIdentifiers.swift */,
			);
			path = Resources;
			sourceTree = "<group>";
		};
		4973C118244BADA8009460F2 /* Working Out */ = {
			isa = PBXGroup;
			children = (
				4945337E2450906400FA1665 /* Workout */,
				4945337D2450904300FA1665 /* Exercise */,
			);
			path = "Working Out";
			sourceTree = "<group>";
		};
		4973C11F244BCB83009460F2 /* App Configuration */ = {
			isa = PBXGroup;
			children = (
				49F8EF2C2447764400B6BD45 /* Exercise */,
				49F8EF2B2447763700B6BD45 /* Workout */,
			);
			path = "App Configuration";
			sourceTree = "<group>";
		};
		4973C120244BCB95009460F2 /* Working Out */ = {
			isa = PBXGroup;
			children = (
				49453380245090AA00FA1665 /* Exercise */,
				4945337F2450909D00FA1665 /* Workout */,
			);
			path = "Working Out";
			sourceTree = "<group>";
		};
		4989BA5C24BB93FD001C17B3 /* Base Classes */ = {
			isa = PBXGroup;
			children = (
				49E2501E249F1B60001F7B70 /* PPLTableViewController.swift */,
				49453379244FCC1900FA1665 /* PPLTabBarController.swift */,
				4989BA5824BB905F001C17B3 /* PPLTableViewCell.swift */,
				4989BA5924BB905F001C17B3 /* PPLTableViewCell.xib */,
			);
			path = "Base Classes";
			sourceTree = "<group>";
		};
		49CEF2082447B66A003E55D4 /* Creation */ = {
			isa = PBXGroup;
			children = (
				4997C1DA2426C0A600712DB9 /* ExerciseTemplateCreationViewController.swift */,
				49E30B4A243AF3E6002FABD6 /* ExerciseTemplateCreationViewModel.swift */,
			);
			path = Creation;
			sourceTree = "<group>";
		};
		49E30B46243AF382002FABD6 /* Storyboards */ = {
			isa = PBXGroup;
			children = (
				49EF4B8623F838370071687D /* LaunchScreen.storyboard */,
				49EF4B7E23F8381F0071687D /* AppConfiguration.storyboard */,
				490D88DD2451DE32005FFEA3 /* Workout.storyboard */,
				4957DFCB2470407A00574C89 /* StoryboardIdentifiers.swift */,
			);
			path = Storyboards;
			sourceTree = "<group>";
		};
		49E30B48243AF3AA002FABD6 /* Workout */ = {
			isa = PBXGroup;
			children = (
				49028D29243DA1E7005EC078 /* Edit */,
				49028D27243DA1C1005EC078 /* List View */,
			);
			path = Workout;
			sourceTree = "<group>";
		};
		49E30B49243AF3AF002FABD6 /* Exercise */ = {
			isa = PBXGroup;
			children = (
				49CEF2082447B66A003E55D4 /* Creation */,
				49F8EF2A2447760F00B6BD45 /* List View */,
			);
			path = Exercise;
			sourceTree = "<group>";
		};
		49EF4B6C23F8381F0071687D = {
			isa = PBXGroup;
			children = (
				49EF4B7723F8381F0071687D /* PushPullLegs */,
				49EF4B9123F838380071687D /* PushPullLegsTests */,
				49EF4B9C23F838380071687D /* PushPullLegsUITests */,
				49EF4B7623F8381F0071687D /* Products */,
				8D8F617318F0F23D90079219 /* Pods */,
				CDA679AB1CC11F56992E85E0 /* Frameworks */,
			);
			sourceTree = "<group>";
		};
		49EF4B7623F8381F0071687D /* Products */ = {
			isa = PBXGroup;
			children = (
				49EF4B7523F8381F0071687D /* PushPullLegs.app */,
				49EF4B8E23F838380071687D /* PushPullLegsTests.xctest */,
				49EF4B9923F838380071687D /* PushPullLegsUITests.xctest */,
			);
			name = Products;
			sourceTree = "<group>";
		};
		49EF4B7723F8381F0071687D /* PushPullLegs */ = {
			isa = PBXGroup;
			children = (
				49EF4BC523F839A30071687D /* View */,
				49EF4BC623F839B50071687D /* Data Management */,
				496A84472400EE790082D677 /* Resources */,
				49EF4B7823F8381F0071687D /* AppDelegate.swift */,
				49EF4B7A23F8381F0071687D /* SceneDelegate.swift */,
				49EF4BB323F8390A0071687D /* Date+Helpers.swift */,
				490D88EE2453ED7B005FFEA3 /* StringExtensions.swift */,
				49AB1D7A24849C980003CFA1 /* AppState.swift */,
				491DD62A248C565C0001F9F8 /* PPLStopWatch.swift */,
			);
			path = PushPullLegs;
			sourceTree = "<group>";
		};
		49EF4B9123F838380071687D /* PushPullLegsTests */ = {
			isa = PBXGroup;
			children = (
				49568BA524422E2E00166F09 /* ViewModel Tests */,
				49568BA224422C8100166F09 /* Data Management Tests */,
				49EF4BBD23F8393D0071687D /* CoreData Helpers */,
				49EF4B9423F838380071687D /* Info.plist */,
			);
			path = PushPullLegsTests;
			sourceTree = "<group>";
		};
		49EF4B9C23F838380071687D /* PushPullLegsUITests */ = {
			isa = PBXGroup;
			children = (
				49EF4B9D23F838380071687D /* PushPullLegsUITests.swift */,
				49EF4B9F23F838380071687D /* Info.plist */,
			);
			path = PushPullLegsUITests;
			sourceTree = "<group>";
		};
		49EF4BBD23F8393D0071687D /* CoreData Helpers */ = {
			isa = PBXGroup;
			children = (
				49EF4BBE23F8393D0071687D /* NSManagedObjectContextSpy.swift */,
				49EF4BBF23F8393D0071687D /* CoreDataTestStack.swift */,
				49E675FF244CECC8001F5974 /* DBHelper.swift */,
			);
			path = "CoreData Helpers";
			sourceTree = "<group>";
		};
		49EF4BC523F839A30071687D /* View */ = {
			isa = PBXGroup;
			children = (
				4989BA5C24BB93FD001C17B3 /* Base Classes */,
				49453376244FC8BB00FA1665 /* Data Presentation */,
				4973C118244BADA8009460F2 /* Working Out */,
				49028D22243D8587005EC078 /* App Configuration */,
				49E30B46243AF382002FABD6 /* Storyboards */,
				4993789D243B964200EAD55E /* ReloadProtocol.swift */,
				490D88EC2453CA29005FFEA3 /* KeyboardObserving.swift */,
			);
			path = View;
			sourceTree = "<group>";
		};
		49EF4BC623F839B50071687D /* Data Management */ = {
			isa = PBXGroup;
			children = (
				49359B8324C0E18C005FF7A8 /* PushPullLegs.xcdatamodeld */,
				49EF4BB123F838FE0071687D /* WorkoutDataManager.swift */,
				49EF4BAB23F838F60071687D /* CoreDataManager.swift */,
				49EF4BAC23F838F60071687D /* DataManager.swift */,
				49EF4BAD23F838F60071687D /* ExerciseDataManager.swift */,
				49E3832A23FA09BF00F7A502 /* TemplateManagement.swift */,
				4937729224001807005F566A /* DBUtilities.swift */,
				49C8D24024A99E0000B361C7 /* PPLDefaults.swift */,
			);
			path = "Data Management";
			sourceTree = "<group>";
		};
		49F8EF2A2447760F00B6BD45 /* List View */ = {
			isa = PBXGroup;
			children = (
				49F8EF282447754700B6BD45 /* ExerciseTemplateListViewController.swift */,
				49F8EF2F244776DA00B6BD45 /* ExerciseTemplateListViewModel.swift */,
			);
			path = "List View";
			sourceTree = "<group>";
		};
		49F8EF2B2447763700B6BD45 /* Workout */ = {
			isa = PBXGroup;
			children = (
				49568BA324422E1C00166F09 /* WorkoutTemplateListViewModelTests.swift */,
				49F8EF2624440EBD00B6BD45 /* WorkoutTemplateEditViewModelTests.swift */,
			);
			path = Workout;
			sourceTree = "<group>";
		};
		49F8EF2C2447764400B6BD45 /* Exercise */ = {
			isa = PBXGroup;
			children = (
				49F8EF2D2447765B00B6BD45 /* ExerciseTemplateListViewModelTests.swift */,
				49CEF2092447C527003E55D4 /* ExerciseTemplateCreationViewModelTests.swift */,
			);
			path = Exercise;
			sourceTree = "<group>";
		};
		8D8F617318F0F23D90079219 /* Pods */ = {
			isa = PBXGroup;
			children = (
				9B6FAD279D331E12AB08D13E /* Pods-PushPullLegs.debug.xcconfig */,
				7F3F290DF0486DAAA1185EAD /* Pods-PushPullLegs.release.xcconfig */,
				8FD10F045597D8F71850FC44 /* Pods-PushPullLegs-PushPullLegsUITests.debug.xcconfig */,
				8E2FF6CDBFF2263E3318756D /* Pods-PushPullLegs-PushPullLegsUITests.release.xcconfig */,
				27BD1CA96B3BE0BFCC770B35 /* Pods-PushPullLegsTests.debug.xcconfig */,
				C6B242260C7DC2271BABD79F /* Pods-PushPullLegsTests.release.xcconfig */,
			);
			path = Pods;
			sourceTree = "<group>";
		};
		CDA679AB1CC11F56992E85E0 /* Frameworks */ = {
			isa = PBXGroup;
			children = (
				B3861DCF756C6822B283C0AD /* Pods_PushPullLegs.framework */,
				266C7EE7C48E3F09D8B8D769 /* Pods_PushPullLegs_PushPullLegsUITests.framework */,
				BF971240BA72F40F9944AA59 /* Pods_PushPullLegsTests.framework */,
			);
			name = Frameworks;
			sourceTree = "<group>";
		};
/* End PBXGroup section */

/* Begin PBXNativeTarget section */
		49EF4B7423F8381F0071687D /* PushPullLegs */ = {
			isa = PBXNativeTarget;
			buildConfigurationList = 49EF4BA223F838380071687D /* Build configuration list for PBXNativeTarget "PushPullLegs" */;
			buildPhases = (
				8FD02F5137C9D5FAAA587221 /* [CP] Check Pods Manifest.lock */,
				49EF4B7123F8381F0071687D /* Sources */,
				49EF4B7223F8381F0071687D /* Frameworks */,
				49EF4B7323F8381F0071687D /* Resources */,
				D2A45A37ABB53C91F4BB2F9F /* [CP] Embed Pods Frameworks */,
			);
			buildRules = (
			);
			dependencies = (
			);
			name = PushPullLegs;
			productName = PushPullLegs;
			productReference = 49EF4B7523F8381F0071687D /* PushPullLegs.app */;
			productType = "com.apple.product-type.application";
		};
		49EF4B8D23F838380071687D /* PushPullLegsTests */ = {
			isa = PBXNativeTarget;
			buildConfigurationList = 49EF4BA523F838380071687D /* Build configuration list for PBXNativeTarget "PushPullLegsTests" */;
			buildPhases = (
				C545DED859D1688C7CA43180 /* [CP] Check Pods Manifest.lock */,
				49EF4B8A23F838380071687D /* Sources */,
				49EF4B8B23F838380071687D /* Frameworks */,
				49EF4B8C23F838380071687D /* Resources */,
			);
			buildRules = (
			);
			dependencies = (
				49EF4B9023F838380071687D /* PBXTargetDependency */,
			);
			name = PushPullLegsTests;
			productName = PushPullLegsTests;
			productReference = 49EF4B8E23F838380071687D /* PushPullLegsTests.xctest */;
			productType = "com.apple.product-type.bundle.unit-test";
		};
		49EF4B9823F838380071687D /* PushPullLegsUITests */ = {
			isa = PBXNativeTarget;
			buildConfigurationList = 49EF4BA823F838380071687D /* Build configuration list for PBXNativeTarget "PushPullLegsUITests" */;
			buildPhases = (
				8EBC292FB69213CDA492BC6A /* [CP] Check Pods Manifest.lock */,
				49EF4B9523F838380071687D /* Sources */,
				49EF4B9623F838380071687D /* Frameworks */,
				49EF4B9723F838380071687D /* Resources */,
				3EF434DA5C07AAAB7BC3128F /* [CP] Embed Pods Frameworks */,
			);
			buildRules = (
			);
			dependencies = (
				49EF4B9B23F838380071687D /* PBXTargetDependency */,
			);
			name = PushPullLegsUITests;
			productName = PushPullLegsUITests;
			productReference = 49EF4B9923F838380071687D /* PushPullLegsUITests.xctest */;
			productType = "com.apple.product-type.bundle.ui-testing";
		};
/* End PBXNativeTarget section */

/* Begin PBXProject section */
		49EF4B6D23F8381F0071687D /* Project object */ = {
			isa = PBXProject;
			attributes = {
				LastSwiftUpdateCheck = 1130;
				LastUpgradeCheck = 1130;
				ORGANIZATIONNAME = "Mark Bragg";
				TargetAttributes = {
					49EF4B7423F8381F0071687D = {
						CreatedOnToolsVersion = 11.3;
					};
					49EF4B8D23F838380071687D = {
						CreatedOnToolsVersion = 11.3;
						TestTargetID = 49EF4B7423F8381F0071687D;
					};
					49EF4B9823F838380071687D = {
						CreatedOnToolsVersion = 11.3;
						TestTargetID = 49EF4B7423F8381F0071687D;
					};
				};
			};
			buildConfigurationList = 49EF4B7023F8381F0071687D /* Build configuration list for PBXProject "PushPullLegs" */;
			compatibilityVersion = "Xcode 9.3";
			developmentRegion = en;
			hasScannedForEncodings = 0;
			knownRegions = (
				en,
				Base,
			);
			mainGroup = 49EF4B6C23F8381F0071687D;
			productRefGroup = 49EF4B7623F8381F0071687D /* Products */;
			projectDirPath = "";
			projectRoot = "";
			targets = (
				49EF4B7423F8381F0071687D /* PushPullLegs */,
				49EF4B8D23F838380071687D /* PushPullLegsTests */,
				49EF4B9823F838380071687D /* PushPullLegsUITests */,
			);
		};
/* End PBXProject section */

/* Begin PBXResourcesBuildPhase section */
		49EF4B7323F8381F0071687D /* Resources */ = {
			isa = PBXResourcesBuildPhase;
			buildActionMask = 2147483647;
			files = (
				4957DFBC246CF94200574C89 /* WorkoutDataViewController.xib in Resources */,
				4957DFBE246D049C00574C89 /* ExerciseDataCell.xib in Resources */,
				4911325D246B13C100D689DD /* TypeSelectorViewController.xib in Resources */,
				4989BA6024BB94B0001C17B3 /* ExerciseDataCellViewController.xib in Resources */,
				490D88E02451EED8005FFEA3 /* QuantityCollectionViewController.xib in Resources */,
				49EF4B8823F838370071687D /* LaunchScreen.storyboard in Resources */,
				4957DFC0246D0BA800574C89 /* ExerciseSetDataCell.xib in Resources */,
				49EF4B8523F838370071687D /* Assets.xcassets in Resources */,
				4989BA5B24BB905F001C17B3 /* PPLTableViewCell.xib in Resources */,
				490D88DE2451DE32005FFEA3 /* Workout.storyboard in Resources */,
				490D88EB2452B5FD005FFEA3 /* ExerciseTimerViewController.xib in Resources */,
				49EF4B8023F8381F0071687D /* AppConfiguration.storyboard in Resources */,
			);
			runOnlyForDeploymentPostprocessing = 0;
		};
		49EF4B8C23F838380071687D /* Resources */ = {
			isa = PBXResourcesBuildPhase;
			buildActionMask = 2147483647;
			files = (
			);
			runOnlyForDeploymentPostprocessing = 0;
		};
		49EF4B9723F838380071687D /* Resources */ = {
			isa = PBXResourcesBuildPhase;
			buildActionMask = 2147483647;
			files = (
			);
			runOnlyForDeploymentPostprocessing = 0;
		};
/* End PBXResourcesBuildPhase section */

/* Begin PBXShellScriptBuildPhase section */
		3EF434DA5C07AAAB7BC3128F /* [CP] Embed Pods Frameworks */ = {
			isa = PBXShellScriptBuildPhase;
			buildActionMask = 2147483647;
			files = (
			);
			inputFileListPaths = (
				"${PODS_ROOT}/Target Support Files/Pods-PushPullLegs-PushPullLegsUITests/Pods-PushPullLegs-PushPullLegsUITests-frameworks-${CONFIGURATION}-input-files.xcfilelist",
			);
			name = "[CP] Embed Pods Frameworks";
			outputFileListPaths = (
				"${PODS_ROOT}/Target Support Files/Pods-PushPullLegs-PushPullLegsUITests/Pods-PushPullLegs-PushPullLegsUITests-frameworks-${CONFIGURATION}-output-files.xcfilelist",
			);
			runOnlyForDeploymentPostprocessing = 0;
			shellPath = /bin/sh;
			shellScript = "\"${PODS_ROOT}/Target Support Files/Pods-PushPullLegs-PushPullLegsUITests/Pods-PushPullLegs-PushPullLegsUITests-frameworks.sh\"\n";
			showEnvVarsInLog = 0;
		};
		8EBC292FB69213CDA492BC6A /* [CP] Check Pods Manifest.lock */ = {
			isa = PBXShellScriptBuildPhase;
			buildActionMask = 2147483647;
			files = (
			);
			inputFileListPaths = (
			);
			inputPaths = (
				"${PODS_PODFILE_DIR_PATH}/Podfile.lock",
				"${PODS_ROOT}/Manifest.lock",
			);
			name = "[CP] Check Pods Manifest.lock";
			outputFileListPaths = (
			);
			outputPaths = (
				"$(DERIVED_FILE_DIR)/Pods-PushPullLegs-PushPullLegsUITests-checkManifestLockResult.txt",
			);
			runOnlyForDeploymentPostprocessing = 0;
			shellPath = /bin/sh;
			shellScript = "diff \"${PODS_PODFILE_DIR_PATH}/Podfile.lock\" \"${PODS_ROOT}/Manifest.lock\" > /dev/null\nif [ $? != 0 ] ; then\n    # print error to STDERR\n    echo \"error: The sandbox is not in sync with the Podfile.lock. Run 'pod install' or update your CocoaPods installation.\" >&2\n    exit 1\nfi\n# This output is used by Xcode 'outputs' to avoid re-running this script phase.\necho \"SUCCESS\" > \"${SCRIPT_OUTPUT_FILE_0}\"\n";
			showEnvVarsInLog = 0;
		};
		8FD02F5137C9D5FAAA587221 /* [CP] Check Pods Manifest.lock */ = {
			isa = PBXShellScriptBuildPhase;
			buildActionMask = 2147483647;
			files = (
			);
			inputFileListPaths = (
			);
			inputPaths = (
				"${PODS_PODFILE_DIR_PATH}/Podfile.lock",
				"${PODS_ROOT}/Manifest.lock",
			);
			name = "[CP] Check Pods Manifest.lock";
			outputFileListPaths = (
			);
			outputPaths = (
				"$(DERIVED_FILE_DIR)/Pods-PushPullLegs-checkManifestLockResult.txt",
			);
			runOnlyForDeploymentPostprocessing = 0;
			shellPath = /bin/sh;
			shellScript = "diff \"${PODS_PODFILE_DIR_PATH}/Podfile.lock\" \"${PODS_ROOT}/Manifest.lock\" > /dev/null\nif [ $? != 0 ] ; then\n    # print error to STDERR\n    echo \"error: The sandbox is not in sync with the Podfile.lock. Run 'pod install' or update your CocoaPods installation.\" >&2\n    exit 1\nfi\n# This output is used by Xcode 'outputs' to avoid re-running this script phase.\necho \"SUCCESS\" > \"${SCRIPT_OUTPUT_FILE_0}\"\n";
			showEnvVarsInLog = 0;
		};
		C545DED859D1688C7CA43180 /* [CP] Check Pods Manifest.lock */ = {
			isa = PBXShellScriptBuildPhase;
			buildActionMask = 2147483647;
			files = (
			);
			inputFileListPaths = (
			);
			inputPaths = (
				"${PODS_PODFILE_DIR_PATH}/Podfile.lock",
				"${PODS_ROOT}/Manifest.lock",
			);
			name = "[CP] Check Pods Manifest.lock";
			outputFileListPaths = (
			);
			outputPaths = (
				"$(DERIVED_FILE_DIR)/Pods-PushPullLegsTests-checkManifestLockResult.txt",
			);
			runOnlyForDeploymentPostprocessing = 0;
			shellPath = /bin/sh;
			shellScript = "diff \"${PODS_PODFILE_DIR_PATH}/Podfile.lock\" \"${PODS_ROOT}/Manifest.lock\" > /dev/null\nif [ $? != 0 ] ; then\n    # print error to STDERR\n    echo \"error: The sandbox is not in sync with the Podfile.lock. Run 'pod install' or update your CocoaPods installation.\" >&2\n    exit 1\nfi\n# This output is used by Xcode 'outputs' to avoid re-running this script phase.\necho \"SUCCESS\" > \"${SCRIPT_OUTPUT_FILE_0}\"\n";
			showEnvVarsInLog = 0;
		};
		D2A45A37ABB53C91F4BB2F9F /* [CP] Embed Pods Frameworks */ = {
			isa = PBXShellScriptBuildPhase;
			buildActionMask = 2147483647;
			files = (
			);
			inputFileListPaths = (
				"${PODS_ROOT}/Target Support Files/Pods-PushPullLegs/Pods-PushPullLegs-frameworks-${CONFIGURATION}-input-files.xcfilelist",
			);
			name = "[CP] Embed Pods Frameworks";
			outputFileListPaths = (
				"${PODS_ROOT}/Target Support Files/Pods-PushPullLegs/Pods-PushPullLegs-frameworks-${CONFIGURATION}-output-files.xcfilelist",
			);
			runOnlyForDeploymentPostprocessing = 0;
			shellPath = /bin/sh;
			shellScript = "\"${PODS_ROOT}/Target Support Files/Pods-PushPullLegs/Pods-PushPullLegs-frameworks.sh\"\n";
			showEnvVarsInLog = 0;
		};
/* End PBXShellScriptBuildPhase section */

/* Begin PBXSourcesBuildPhase section */
		49EF4B7123F8381F0071687D /* Sources */ = {
			isa = PBXSourcesBuildPhase;
			buildActionMask = 2147483647;
			files = (
				4973C124244BCC26009460F2 /* WorkoutEditViewModel.swift in Sources */,
				4929DB112454DB0C009DCC7F /* RepsCollectionViewController.swift in Sources */,
				49E30B4B243AF3E6002FABD6 /* ExerciseTemplateCreationViewModel.swift in Sources */,
				490AEAD22423AA5D005C1112 /* WorkoutTemplateListViewController.swift in Sources */,
				4945337A244FCC1900FA1665 /* PPLTabBarController.swift in Sources */,
				49453378244FC8FA00FA1665 /* WorkoutLogViewController.swift in Sources */,
				491DD62B248C565C0001F9F8 /* PPLStopWatch.swift in Sources */,
				4989BA5A24BB905F001C17B3 /* PPLTableViewCell.swift in Sources */,
				490D88E72452856A005FFEA3 /* ExerciseSetViewModel.swift in Sources */,
				4993789A243B86D400EAD55E /* WorkoutTemplateListViewModel.swift in Sources */,
				49E675FA244CDA54001F5974 /* ExerciseTemplateSelectionViewController.swift in Sources */,
				493C2C712455E5D2005308AF /* WeightCollectionViewController.swift in Sources */,
				490D88EA2452B5FD005FFEA3 /* ExerciseTimerViewController.swift in Sources */,
				49028D26243DA0A0005EC078 /* WorkoutTemplateEditViewController.swift in Sources */,
				4973C11A244BADFC009460F2 /* StartWorkoutViewController.swift in Sources */,
				49F8EF30244776DA00B6BD45 /* ExerciseTemplateListViewModel.swift in Sources */,
				4945337C2450895600FA1665 /* ExerciseViewModel.swift in Sources */,
				4957DFBA246CF73A00574C89 /* WorkoutDataViewController.swift in Sources */,
				49028D2B243DA206005EC078 /* WorkoutTemplateEditViewModel.swift in Sources */,
				49EF4BB423F8390A0071687D /* Date+Helpers.swift in Sources */,
				49028D24243D85AC005EC078 /* AppConfigurationViewController.swift in Sources */,
				49E3832B23FA09BF00F7A502 /* TemplateManagement.swift in Sources */,
				4937729324001807005F566A /* DBUtilities.swift in Sources */,
				49E675FE244CDAB6001F5974 /* ExerciseSelectionViewModel.swift in Sources */,
				4973C11C244BB068009460F2 /* WorkoutViewController.swift in Sources */,
				4957DFCC2470407A00574C89 /* StoryboardIdentifiers.swift in Sources */,
				490D88EF2453ED7B005FFEA3 /* StringExtensions.swift in Sources */,
				4993789E243B964200EAD55E /* ReloadProtocol.swift in Sources */,
				49F8EF292447754900B6BD45 /* ExerciseTemplateListViewController.swift in Sources */,
				490D88ED2453CA2A005FFEA3 /* KeyboardObserving.swift in Sources */,
				49EF4BAF23F838F60071687D /* DataManager.swift in Sources */,
				4989BA5524B94344001C17B3 /* AssetIdentifiers.swift in Sources */,
				4993789C243B87B500EAD55E /* TypeSelectorViewController.swift in Sources */,
				4989BA6224BB9A10001C17B3 /* ExerciseDataCellViewController.swift in Sources */,
				4997C1DB2426C0A600712DB9 /* ExerciseTemplateCreationViewController.swift in Sources */,
				49EF4BB023F838F60071687D /* ExerciseDataManager.swift in Sources */,
				49C8D24124A99E0000B361C7 /* PPLDefaults.swift in Sources */,
				49359B8524C0E18C005FF7A8 /* PushPullLegs.xcdatamodeld in Sources */,
				49EF4BB223F838FE0071687D /* WorkoutDataManager.swift in Sources */,
				490D88E32452832F005FFEA3 /* QuantityCollectionViewController.swift in Sources */,
				49AB1D7B24849C980003CFA1 /* AppState.swift in Sources */,
				4957DFB6246B54F000574C89 /* WorkoutReadViewModel.swift in Sources */,
				4973C11E244BB593009460F2 /* ExerciseViewController.swift in Sources */,
				49EF4B7923F8381F0071687D /* AppDelegate.swift in Sources */,
				49EF4BAE23F838F60071687D /* CoreDataManager.swift in Sources */,
				49EF4B7B23F8381F0071687D /* SceneDelegate.swift in Sources */,
				49E2501F249F1B60001F7B70 /* PPLTableViewController.swift in Sources */,
				4957DFCE24710A0400574C89 /* UITableViewCell+ExerciseDataCell.swift in Sources */,
			);
			runOnlyForDeploymentPostprocessing = 0;
		};
		49EF4B8A23F838380071687D /* Sources */ = {
			isa = PBXSourcesBuildPhase;
			buildActionMask = 2147483647;
			files = (
				49EF4BC123F8393D0071687D /* CoreDataTestStack.swift in Sources */,
				4957DFB4246B549F00574C89 /* WorkoutReadViewModelTests.swift in Sources */,
				49568BA424422E1C00166F09 /* WorkoutTemplateListViewModelTests.swift in Sources */,
				49F8EF2E2447765B00B6BD45 /* ExerciseTemplateListViewModelTests.swift in Sources */,
				49EF4BBA23F8392B0071687D /* CoreDataManagerTests.swift in Sources */,
				4973C122244BCBB4009460F2 /* WorkoutEditViewModelTests.swift in Sources */,
				49E3832D23FA0A0000F7A502 /* TemplateManagementTests.swift in Sources */,
				49EF4BB923F8392B0071687D /* ExerciseDataManagerTests.swift in Sources */,
				49EF4BBC23F839360071687D /* WorkoutDataManagerTests.swift in Sources */,
				49F8EF2724440EBD00B6BD45 /* WorkoutTemplateEditViewModelTests.swift in Sources */,
				49453382245090F600FA1665 /* ExerciseViewModelTests.swift in Sources */,
				49EF4BC023F8393D0071687D /* NSManagedObjectContextSpy.swift in Sources */,
				49E675FC244CDA83001F5974 /* ExerciseSelectionViewModelTests.swift in Sources */,
				49CEF20A2447C527003E55D4 /* ExerciseTemplateCreationViewModelTests.swift in Sources */,
				490D88E524528546005FFEA3 /* ExerciseSetViewModelTests.swift in Sources */,
				49E67600244CECC8001F5974 /* DBHelper.swift in Sources */,
			);
			runOnlyForDeploymentPostprocessing = 0;
		};
		49EF4B9523F838380071687D /* Sources */ = {
			isa = PBXSourcesBuildPhase;
			buildActionMask = 2147483647;
			files = (
				49EF4B9E23F838380071687D /* PushPullLegsUITests.swift in Sources */,
			);
			runOnlyForDeploymentPostprocessing = 0;
		};
/* End PBXSourcesBuildPhase section */

/* Begin PBXTargetDependency section */
		49EF4B9023F838380071687D /* PBXTargetDependency */ = {
			isa = PBXTargetDependency;
			target = 49EF4B7423F8381F0071687D /* PushPullLegs */;
			targetProxy = 49EF4B8F23F838380071687D /* PBXContainerItemProxy */;
		};
		49EF4B9B23F838380071687D /* PBXTargetDependency */ = {
			isa = PBXTargetDependency;
			target = 49EF4B7423F8381F0071687D /* PushPullLegs */;
			targetProxy = 49EF4B9A23F838380071687D /* PBXContainerItemProxy */;
		};
/* End PBXTargetDependency section */

/* Begin PBXVariantGroup section */
		49EF4B7E23F8381F0071687D /* AppConfiguration.storyboard */ = {
			isa = PBXVariantGroup;
			children = (
				49EF4B7F23F8381F0071687D /* Base */,
			);
			name = AppConfiguration.storyboard;
			sourceTree = "<group>";
		};
		49EF4B8623F838370071687D /* LaunchScreen.storyboard */ = {
			isa = PBXVariantGroup;
			children = (
				49EF4B8723F838370071687D /* Base */,
			);
			name = LaunchScreen.storyboard;
			sourceTree = "<group>";
		};
/* End PBXVariantGroup section */

/* Begin XCBuildConfiguration section */
		49EF4BA023F838380071687D /* Debug */ = {
			isa = XCBuildConfiguration;
			buildSettings = {
				ALWAYS_SEARCH_USER_PATHS = NO;
				CLANG_ANALYZER_NONNULL = YES;
				CLANG_ANALYZER_NUMBER_OBJECT_CONVERSION = YES_AGGRESSIVE;
				CLANG_CXX_LANGUAGE_STANDARD = "gnu++14";
				CLANG_CXX_LIBRARY = "libc++";
				CLANG_ENABLE_MODULES = YES;
				CLANG_ENABLE_OBJC_ARC = YES;
				CLANG_ENABLE_OBJC_WEAK = YES;
				CLANG_WARN_BLOCK_CAPTURE_AUTORELEASING = YES;
				CLANG_WARN_BOOL_CONVERSION = YES;
				CLANG_WARN_COMMA = YES;
				CLANG_WARN_CONSTANT_CONVERSION = YES;
				CLANG_WARN_DEPRECATED_OBJC_IMPLEMENTATIONS = YES;
				CLANG_WARN_DIRECT_OBJC_ISA_USAGE = YES_ERROR;
				CLANG_WARN_DOCUMENTATION_COMMENTS = YES;
				CLANG_WARN_EMPTY_BODY = YES;
				CLANG_WARN_ENUM_CONVERSION = YES;
				CLANG_WARN_INFINITE_RECURSION = YES;
				CLANG_WARN_INT_CONVERSION = YES;
				CLANG_WARN_NON_LITERAL_NULL_CONVERSION = YES;
				CLANG_WARN_OBJC_IMPLICIT_RETAIN_SELF = YES;
				CLANG_WARN_OBJC_LITERAL_CONVERSION = YES;
				CLANG_WARN_OBJC_ROOT_CLASS = YES_ERROR;
				CLANG_WARN_RANGE_LOOP_ANALYSIS = YES;
				CLANG_WARN_STRICT_PROTOTYPES = YES;
				CLANG_WARN_SUSPICIOUS_MOVE = YES;
				CLANG_WARN_UNGUARDED_AVAILABILITY = YES_AGGRESSIVE;
				CLANG_WARN_UNREACHABLE_CODE = YES;
				CLANG_WARN__DUPLICATE_METHOD_MATCH = YES;
				COPY_PHASE_STRIP = NO;
				DEBUG_INFORMATION_FORMAT = dwarf;
				ENABLE_STRICT_OBJC_MSGSEND = YES;
				ENABLE_TESTABILITY = YES;
				GCC_C_LANGUAGE_STANDARD = gnu11;
				GCC_DYNAMIC_NO_PIC = NO;
				GCC_NO_COMMON_BLOCKS = YES;
				GCC_OPTIMIZATION_LEVEL = 0;
				GCC_PREPROCESSOR_DEFINITIONS = (
					"DEBUG=1",
					"$(inherited)",
				);
				GCC_WARN_64_TO_32_BIT_CONVERSION = YES;
				GCC_WARN_ABOUT_RETURN_TYPE = YES_ERROR;
				GCC_WARN_UNDECLARED_SELECTOR = YES;
				GCC_WARN_UNINITIALIZED_AUTOS = YES_AGGRESSIVE;
				GCC_WARN_UNUSED_FUNCTION = YES;
				GCC_WARN_UNUSED_VARIABLE = YES;
				IPHONEOS_DEPLOYMENT_TARGET = 13.2;
				MTL_ENABLE_DEBUG_INFO = INCLUDE_SOURCE;
				MTL_FAST_MATH = YES;
				ONLY_ACTIVE_ARCH = YES;
				SDKROOT = iphoneos;
				SWIFT_ACTIVE_COMPILATION_CONDITIONS = DEBUG;
				SWIFT_OPTIMIZATION_LEVEL = "-Onone";
			};
			name = Debug;
		};
		49EF4BA123F838380071687D /* Release */ = {
			isa = XCBuildConfiguration;
			buildSettings = {
				ALWAYS_SEARCH_USER_PATHS = NO;
				CLANG_ANALYZER_NONNULL = YES;
				CLANG_ANALYZER_NUMBER_OBJECT_CONVERSION = YES_AGGRESSIVE;
				CLANG_CXX_LANGUAGE_STANDARD = "gnu++14";
				CLANG_CXX_LIBRARY = "libc++";
				CLANG_ENABLE_MODULES = YES;
				CLANG_ENABLE_OBJC_ARC = YES;
				CLANG_ENABLE_OBJC_WEAK = YES;
				CLANG_WARN_BLOCK_CAPTURE_AUTORELEASING = YES;
				CLANG_WARN_BOOL_CONVERSION = YES;
				CLANG_WARN_COMMA = YES;
				CLANG_WARN_CONSTANT_CONVERSION = YES;
				CLANG_WARN_DEPRECATED_OBJC_IMPLEMENTATIONS = YES;
				CLANG_WARN_DIRECT_OBJC_ISA_USAGE = YES_ERROR;
				CLANG_WARN_DOCUMENTATION_COMMENTS = YES;
				CLANG_WARN_EMPTY_BODY = YES;
				CLANG_WARN_ENUM_CONVERSION = YES;
				CLANG_WARN_INFINITE_RECURSION = YES;
				CLANG_WARN_INT_CONVERSION = YES;
				CLANG_WARN_NON_LITERAL_NULL_CONVERSION = YES;
				CLANG_WARN_OBJC_IMPLICIT_RETAIN_SELF = YES;
				CLANG_WARN_OBJC_LITERAL_CONVERSION = YES;
				CLANG_WARN_OBJC_ROOT_CLASS = YES_ERROR;
				CLANG_WARN_RANGE_LOOP_ANALYSIS = YES;
				CLANG_WARN_STRICT_PROTOTYPES = YES;
				CLANG_WARN_SUSPICIOUS_MOVE = YES;
				CLANG_WARN_UNGUARDED_AVAILABILITY = YES_AGGRESSIVE;
				CLANG_WARN_UNREACHABLE_CODE = YES;
				CLANG_WARN__DUPLICATE_METHOD_MATCH = YES;
				COPY_PHASE_STRIP = NO;
				DEBUG_INFORMATION_FORMAT = "dwarf-with-dsym";
				ENABLE_NS_ASSERTIONS = NO;
				ENABLE_STRICT_OBJC_MSGSEND = YES;
				GCC_C_LANGUAGE_STANDARD = gnu11;
				GCC_NO_COMMON_BLOCKS = YES;
				GCC_WARN_64_TO_32_BIT_CONVERSION = YES;
				GCC_WARN_ABOUT_RETURN_TYPE = YES_ERROR;
				GCC_WARN_UNDECLARED_SELECTOR = YES;
				GCC_WARN_UNINITIALIZED_AUTOS = YES_AGGRESSIVE;
				GCC_WARN_UNUSED_FUNCTION = YES;
				GCC_WARN_UNUSED_VARIABLE = YES;
				IPHONEOS_DEPLOYMENT_TARGET = 13.2;
				MTL_ENABLE_DEBUG_INFO = NO;
				MTL_FAST_MATH = YES;
				SDKROOT = iphoneos;
				SWIFT_COMPILATION_MODE = wholemodule;
				SWIFT_OPTIMIZATION_LEVEL = "-O";
				VALIDATE_PRODUCT = YES;
			};
			name = Release;
		};
		49EF4BA323F838380071687D /* Debug */ = {
			isa = XCBuildConfiguration;
			baseConfigurationReference = 9B6FAD279D331E12AB08D13E /* Pods-PushPullLegs.debug.xcconfig */;
			buildSettings = {
				ASSETCATALOG_COMPILER_APPICON_NAME = AppIcon;
				CODE_SIGN_STYLE = Automatic;
				DEVELOPMENT_TEAM = TNHL9TABT7;
				INFOPLIST_FILE = PushPullLegs/Resources/Info.plist;
				LD_RUNPATH_SEARCH_PATHS = (
					"$(inherited)",
					"@executable_path/Frameworks",
				);
				PRODUCT_BUNDLE_IDENTIFIER = com.markbragg.PushPullLegs;
				PRODUCT_NAME = "$(TARGET_NAME)";
				SWIFT_VERSION = 5.0;
				TARGETED_DEVICE_FAMILY = 1;
			};
			name = Debug;
		};
		49EF4BA423F838380071687D /* Release */ = {
			isa = XCBuildConfiguration;
			baseConfigurationReference = 7F3F290DF0486DAAA1185EAD /* Pods-PushPullLegs.release.xcconfig */;
			buildSettings = {
				ASSETCATALOG_COMPILER_APPICON_NAME = AppIcon;
				CODE_SIGN_STYLE = Automatic;
				DEVELOPMENT_TEAM = TNHL9TABT7;
				INFOPLIST_FILE = PushPullLegs/Resources/Info.plist;
				LD_RUNPATH_SEARCH_PATHS = (
					"$(inherited)",
					"@executable_path/Frameworks",
				);
				PRODUCT_BUNDLE_IDENTIFIER = com.markbragg.PushPullLegs;
				PRODUCT_NAME = "$(TARGET_NAME)";
				SWIFT_VERSION = 5.0;
				TARGETED_DEVICE_FAMILY = 1;
			};
			name = Release;
		};
		49EF4BA623F838380071687D /* Debug */ = {
			isa = XCBuildConfiguration;
			baseConfigurationReference = 27BD1CA96B3BE0BFCC770B35 /* Pods-PushPullLegsTests.debug.xcconfig */;
			buildSettings = {
				ALWAYS_EMBED_SWIFT_STANDARD_LIBRARIES = YES;
				BUNDLE_LOADER = "$(TEST_HOST)";
				CODE_SIGN_STYLE = Automatic;
				DEVELOPMENT_TEAM = TNHL9TABT7;
				INFOPLIST_FILE = PushPullLegsTests/Info.plist;
				IPHONEOS_DEPLOYMENT_TARGET = 13.2;
				LD_RUNPATH_SEARCH_PATHS = (
					"$(inherited)",
					"@executable_path/Frameworks",
					"@loader_path/Frameworks",
				);
				PRODUCT_BUNDLE_IDENTIFIER = com.markbragg.PushPullLegsTests;
				PRODUCT_NAME = "$(TARGET_NAME)";
				SWIFT_VERSION = 5.0;
				TARGETED_DEVICE_FAMILY = "1,2";
				TEST_HOST = "$(BUILT_PRODUCTS_DIR)/PushPullLegs.app/PushPullLegs";
			};
			name = Debug;
		};
		49EF4BA723F838380071687D /* Release */ = {
			isa = XCBuildConfiguration;
			baseConfigurationReference = C6B242260C7DC2271BABD79F /* Pods-PushPullLegsTests.release.xcconfig */;
			buildSettings = {
				ALWAYS_EMBED_SWIFT_STANDARD_LIBRARIES = YES;
				BUNDLE_LOADER = "$(TEST_HOST)";
				CODE_SIGN_STYLE = Automatic;
				DEVELOPMENT_TEAM = TNHL9TABT7;
				INFOPLIST_FILE = PushPullLegsTests/Info.plist;
				IPHONEOS_DEPLOYMENT_TARGET = 13.2;
				LD_RUNPATH_SEARCH_PATHS = (
					"$(inherited)",
					"@executable_path/Frameworks",
					"@loader_path/Frameworks",
				);
				PRODUCT_BUNDLE_IDENTIFIER = com.markbragg.PushPullLegsTests;
				PRODUCT_NAME = "$(TARGET_NAME)";
				SWIFT_VERSION = 5.0;
				TARGETED_DEVICE_FAMILY = "1,2";
				TEST_HOST = "$(BUILT_PRODUCTS_DIR)/PushPullLegs.app/PushPullLegs";
			};
			name = Release;
		};
		49EF4BA923F838380071687D /* Debug */ = {
			isa = XCBuildConfiguration;
			baseConfigurationReference = 8FD10F045597D8F71850FC44 /* Pods-PushPullLegs-PushPullLegsUITests.debug.xcconfig */;
			buildSettings = {
				ALWAYS_EMBED_SWIFT_STANDARD_LIBRARIES = YES;
				CODE_SIGN_STYLE = Automatic;
				DEVELOPMENT_TEAM = TNHL9TABT7;
				INFOPLIST_FILE = PushPullLegsUITests/Info.plist;
				LD_RUNPATH_SEARCH_PATHS = (
					"$(inherited)",
					"@executable_path/Frameworks",
					"@loader_path/Frameworks",
				);
				PRODUCT_BUNDLE_IDENTIFIER = com.markbragg.PushPullLegsUITests;
				PRODUCT_NAME = "$(TARGET_NAME)";
				SWIFT_VERSION = 5.0;
				TARGETED_DEVICE_FAMILY = "1,2";
				TEST_TARGET_NAME = PushPullLegs;
			};
			name = Debug;
		};
		49EF4BAA23F838380071687D /* Release */ = {
			isa = XCBuildConfiguration;
			baseConfigurationReference = 8E2FF6CDBFF2263E3318756D /* Pods-PushPullLegs-PushPullLegsUITests.release.xcconfig */;
			buildSettings = {
				ALWAYS_EMBED_SWIFT_STANDARD_LIBRARIES = YES;
				CODE_SIGN_STYLE = Automatic;
				DEVELOPMENT_TEAM = TNHL9TABT7;
				INFOPLIST_FILE = PushPullLegsUITests/Info.plist;
				LD_RUNPATH_SEARCH_PATHS = (
					"$(inherited)",
					"@executable_path/Frameworks",
					"@loader_path/Frameworks",
				);
				PRODUCT_BUNDLE_IDENTIFIER = com.markbragg.PushPullLegsUITests;
				PRODUCT_NAME = "$(TARGET_NAME)";
				SWIFT_VERSION = 5.0;
				TARGETED_DEVICE_FAMILY = "1,2";
				TEST_TARGET_NAME = PushPullLegs;
			};
			name = Release;
		};
/* End XCBuildConfiguration section */

/* Begin XCConfigurationList section */
		49EF4B7023F8381F0071687D /* Build configuration list for PBXProject "PushPullLegs" */ = {
			isa = XCConfigurationList;
			buildConfigurations = (
				49EF4BA023F838380071687D /* Debug */,
				49EF4BA123F838380071687D /* Release */,
			);
			defaultConfigurationIsVisible = 0;
			defaultConfigurationName = Release;
		};
		49EF4BA223F838380071687D /* Build configuration list for PBXNativeTarget "PushPullLegs" */ = {
			isa = XCConfigurationList;
			buildConfigurations = (
				49EF4BA323F838380071687D /* Debug */,
				49EF4BA423F838380071687D /* Release */,
			);
			defaultConfigurationIsVisible = 0;
			defaultConfigurationName = Release;
		};
		49EF4BA523F838380071687D /* Build configuration list for PBXNativeTarget "PushPullLegsTests" */ = {
			isa = XCConfigurationList;
			buildConfigurations = (
				49EF4BA623F838380071687D /* Debug */,
				49EF4BA723F838380071687D /* Release */,
			);
			defaultConfigurationIsVisible = 0;
			defaultConfigurationName = Release;
		};
		49EF4BA823F838380071687D /* Build configuration list for PBXNativeTarget "PushPullLegsUITests" */ = {
			isa = XCConfigurationList;
			buildConfigurations = (
				49EF4BA923F838380071687D /* Debug */,
				49EF4BAA23F838380071687D /* Release */,
			);
			defaultConfigurationIsVisible = 0;
			defaultConfigurationName = Release;
		};
/* End XCConfigurationList section */

/* Begin XCVersionGroup section */
		49359B8324C0E18C005FF7A8 /* PushPullLegs.xcdatamodeld */ = {
			isa = XCVersionGroup;
			children = (
				49359B8424C0E18C005FF7A8 /* PushPullLegs.xcdatamodel */,
			);
			currentVersion = 49359B8424C0E18C005FF7A8 /* PushPullLegs.xcdatamodel */;
			path = PushPullLegs.xcdatamodeld;
			sourceTree = "<group>";
			versionGroupType = wrapper.xcdatamodel;
		};
/* End XCVersionGroup section */
	};
	rootObject = 49EF4B6D23F8381F0071687D /* Project object */;
}
